// !$*UTF8*$!
{
	archiveVersion = 1;
	classes = {
	};
	objectVersion = 50;
	objects = {

/* Begin PBXBuildFile section */
		68C421942208BB8B00BC61E1 /* AppDelegate.swift in Sources */ = {isa = PBXBuildFile; fileRef = 68C421932208BB8B00BC61E1 /* AppDelegate.swift */; };
		68C421962208BB8B00BC61E1 /* CenterViewController.swift in Sources */ = {isa = PBXBuildFile; fileRef = 68C421952208BB8B00BC61E1 /* CenterViewController.swift */; };
		68C4219B2208BB8C00BC61E1 /* Assets.xcassets in Resources */ = {isa = PBXBuildFile; fileRef = 68C4219A2208BB8C00BC61E1 /* Assets.xcassets */; };
		68C4219E2208BB8C00BC61E1 /* LaunchScreen.storyboard in Resources */ = {isa = PBXBuildFile; fileRef = 68C4219C2208BB8C00BC61E1 /* LaunchScreen.storyboard */; };
		68C421A62209E5C500BC61E1 /* AnimationController.swift in Sources */ = {isa = PBXBuildFile; fileRef = 68C421A52209E5C500BC61E1 /* AnimationController.swift */; };
		68C421A82209E5EA00BC61E1 /* DetailViewController.swift in Sources */ = {isa = PBXBuildFile; fileRef = 68C421A72209E5EA00BC61E1 /* DetailViewController.swift */; };
		68C421AA2209ED2A00BC61E1 /* SwipeInteractionController.swift in Sources */ = {isa = PBXBuildFile; fileRef = 68C421A92209ED2A00BC61E1 /* SwipeInteractionController.swift */; };
		68C421AC220B6D7700BC61E1 /* TransitioningController.swift in Sources */ = {isa = PBXBuildFile; fileRef = 68C421AB220B6D7700BC61E1 /* TransitioningController.swift */; };
/* End PBXBuildFile section */

/* Begin PBXFileReference section */
		68C421902208BB8B00BC61E1 /* Brigid.app */ = {isa = PBXFileReference; explicitFileType = wrapper.application; includeInIndex = 0; path = Brigid.app; sourceTree = BUILT_PRODUCTS_DIR; };
		68C421932208BB8B00BC61E1 /* AppDelegate.swift */ = {isa = PBXFileReference; lastKnownFileType = sourcecode.swift; path = AppDelegate.swift; sourceTree = "<group>"; };
		68C421952208BB8B00BC61E1 /* CenterViewController.swift */ = {isa = PBXFileReference; lastKnownFileType = sourcecode.swift; path = CenterViewController.swift; sourceTree = "<group>"; };
		68C4219A2208BB8C00BC61E1 /* Assets.xcassets */ = {isa = PBXFileReference; lastKnownFileType = folder.assetcatalog; path = Assets.xcassets; sourceTree = "<group>"; };
		68C4219D2208BB8C00BC61E1 /* Base */ = {isa = PBXFileReference; lastKnownFileType = file.storyboard; name = Base; path = Base.lproj/LaunchScreen.storyboard; sourceTree = "<group>"; };
		68C4219F2208BB8C00BC61E1 /* Info.plist */ = {isa = PBXFileReference; lastKnownFileType = text.plist.xml; path = Info.plist; sourceTree = "<group>"; };
		68C421A52209E5C500BC61E1 /* AnimationController.swift */ = {isa = PBXFileReference; lastKnownFileType = sourcecode.swift; path = AnimationController.swift; sourceTree = "<group>"; };
		68C421A72209E5EA00BC61E1 /* DetailViewController.swift */ = {isa = PBXFileReference; lastKnownFileType = sourcecode.swift; path = DetailViewController.swift; sourceTree = "<group>"; };
		68C421A92209ED2A00BC61E1 /* SwipeInteractionController.swift */ = {isa = PBXFileReference; lastKnownFileType = sourcecode.swift; path = SwipeInteractionController.swift; sourceTree = "<group>"; };
		68C421AB220B6D7700BC61E1 /* TransitioningController.swift */ = {isa = PBXFileReference; lastKnownFileType = sourcecode.swift; path = TransitioningController.swift; sourceTree = "<group>"; };
/* End PBXFileReference section */

/* Begin PBXFrameworksBuildPhase section */
		68C4218D2208BB8B00BC61E1 /* Frameworks */ = {
			isa = PBXFrameworksBuildPhase;
			buildActionMask = 2147483647;
			files = (
			);
			runOnlyForDeploymentPostprocessing = 0;
		};
/* End PBXFrameworksBuildPhase section */

/* Begin PBXGroup section */
		68C421872208BB8B00BC61E1 = {
			isa = PBXGroup;
			children = (
				68C421922208BB8B00BC61E1 /* Brigid */,
				68C421912208BB8B00BC61E1 /* Products */,
			);
			sourceTree = "<group>";
		};
		68C421912208BB8B00BC61E1 /* Products */ = {
			isa = PBXGroup;
			children = (
				68C421902208BB8B00BC61E1 /* Brigid.app */,
			);
			name = Products;
			sourceTree = "<group>";
		};
		68C421922208BB8B00BC61E1 /* Brigid */ = {
			isa = PBXGroup;
			children = (
				68C421932208BB8B00BC61E1 /* AppDelegate.swift */,
				68C421952208BB8B00BC61E1 /* CenterViewController.swift */,
				68C421AB220B6D7700BC61E1 /* TransitioningController.swift */,
				68C421A72209E5EA00BC61E1 /* DetailViewController.swift */,
				68C421A92209ED2A00BC61E1 /* SwipeInteractionController.swift */,
				68C421A52209E5C500BC61E1 /* AnimationController.swift */,
				68C4219A2208BB8C00BC61E1 /* Assets.xcassets */,
				68C4219C2208BB8C00BC61E1 /* LaunchScreen.storyboard */,
				68C4219F2208BB8C00BC61E1 /* Info.plist */,
			);
			path = Brigid;
			sourceTree = "<group>";
		};
/* End PBXGroup section */

/* Begin PBXNativeTarget section */
		68C4218F2208BB8B00BC61E1 /* Brigid */ = {
			isa = PBXNativeTarget;
			buildConfigurationList = 68C421A22208BB8C00BC61E1 /* Build configuration list for PBXNativeTarget "Brigid" */;
			buildPhases = (
				68C4218C2208BB8B00BC61E1 /* Sources */,
				68C4218D2208BB8B00BC61E1 /* Frameworks */,
				68C4218E2208BB8B00BC61E1 /* Resources */,
			);
			buildRules = (
			);
			dependencies = (
			);
			name = Brigid;
			productName = Brigid;
			productReference = 68C421902208BB8B00BC61E1 /* Brigid.app */;
			productType = "com.apple.product-type.application";
		};
/* End PBXNativeTarget section */

/* Begin PBXProject section */
		68C421882208BB8B00BC61E1 /* Project object */ = {
			isa = PBXProject;
			attributes = {
				LastSwiftUpdateCheck = 1010;
				LastUpgradeCheck = 1010;
				ORGANIZATIONNAME = "Stephen Walsh";
				TargetAttributes = {
					68C4218F2208BB8B00BC61E1 = {
						CreatedOnToolsVersion = 10.1;
					};
				};
			};
			buildConfigurationList = 68C4218B2208BB8B00BC61E1 /* Build configuration list for PBXProject "Brigid" */;
			compatibilityVersion = "Xcode 9.3";
			developmentRegion = en;
			hasScannedForEncodings = 0;
			knownRegions = (
				en,
				Base,
			);
			mainGroup = 68C421872208BB8B00BC61E1;
			productRefGroup = 68C421912208BB8B00BC61E1 /* Products */;
			projectDirPath = "";
			projectRoot = "";
			targets = (
				68C4218F2208BB8B00BC61E1 /* Brigid */,
			);
		};
/* End PBXProject section */

/* Begin PBXResourcesBuildPhase section */
		68C4218E2208BB8B00BC61E1 /* Resources */ = {
			isa = PBXResourcesBuildPhase;
			buildActionMask = 2147483647;
			files = (
				68C4219E2208BB8C00BC61E1 /* LaunchScreen.storyboard in Resources */,
				68C4219B2208BB8C00BC61E1 /* Assets.xcassets in Resources */,
			);
			runOnlyForDeploymentPostprocessing = 0;
		};
/* End PBXResourcesBuildPhase section */

/* Begin PBXSourcesBuildPhase section */
		68C4218C2208BB8B00BC61E1 /* Sources */ = {
			isa = PBXSourcesBuildPhase;
			buildActionMask = 2147483647;
			files = (
				68C421A62209E5C500BC61E1 /* AnimationController.swift in Sources */,
				68C421AA2209ED2A00BC61E1 /* SwipeInteractionController.swift in Sources */,
				68C421962208BB8B00BC61E1 /* CenterViewController.swift in Sources */,
				68C421942208BB8B00BC61E1 /* AppDelegate.swift in Sources */,
				68C421A82209E5EA00BC61E1 /* DetailViewController.swift in Sources */,
				68C421AC220B6D7700BC61E1 /* TransitioningController.swift in Sources */,
			);
			runOnlyForDeploymentPostprocessing = 0;
		};
/* End PBXSourcesBuildPhase section */

/* Begin PBXVariantGroup section */
		68C4219C2208BB8C00BC61E1 /* LaunchScreen.storyboard */ = {
			isa = PBXVariantGroup;
			children = (
				68C4219D2208BB8C00BC61E1 /* Base */,
			);
			name = LaunchScreen.storyboard;
			sourceTree = "<group>";
		};
/* End PBXVariantGroup section */

/* Begin XCBuildConfiguration section */
		68C421A02208BB8C00BC61E1 /* Debug */ = {
			isa = XCBuildConfiguration;
			buildSettings = {
				ALWAYS_SEARCH_USER_PATHS = NO;
				CLANG_ANALYZER_NONNULL = YES;
				CLANG_ANALYZER_NUMBER_OBJECT_CONVERSION = YES_AGGRESSIVE;
				CLANG_CXX_LANGUAGE_STANDARD = "gnu++14";
				CLANG_CXX_LIBRARY = "libc++";
				CLANG_ENABLE_MODULES = YES;
				CLANG_ENABLE_OBJC_ARC = YES;
				CLANG_ENABLE_OBJC_WEAK = YES;
				CLANG_WARN_BLOCK_CAPTURE_AUTORELEASING = YES;
				CLANG_WARN_BOOL_CONVERSION = YES;
				CLANG_WARN_COMMA = YES;
				CLANG_WARN_CONSTANT_CONVERSION = YES;
				CLANG_WARN_DEPRECATED_OBJC_IMPLEMENTATIONS = YES;
				CLANG_WARN_DIRECT_OBJC_ISA_USAGE = YES_ERROR;
				CLANG_WARN_DOCUMENTATION_COMMENTS = YES;
				CLANG_WARN_EMPTY_BODY = YES;
				CLANG_WARN_ENUM_CONVERSION = YES;
				CLANG_WARN_INFINITE_RECURSION = YES;
				CLANG_WARN_INT_CONVERSION = YES;
				CLANG_WARN_NON_LITERAL_NULL_CONVERSION = YES;
				CLANG_WARN_OBJC_IMPLICIT_RETAIN_SELF = YES;
				CLANG_WARN_OBJC_LITERAL_CONVERSION = YES;
				CLANG_WARN_OBJC_ROOT_CLASS = YES_ERROR;
				CLANG_WARN_RANGE_LOOP_ANALYSIS = YES;
				CLANG_WARN_STRICT_PROTOTYPES = YES;
				CLANG_WARN_SUSPICIOUS_MOVE = YES;
				CLANG_WARN_UNGUARDED_AVAILABILITY = YES_AGGRESSIVE;
				CLANG_WARN_UNREACHABLE_CODE = YES;
				CLANG_WARN__DUPLICATE_METHOD_MATCH = YES;
				CODE_SIGN_IDENTITY = "iPhone Developer";
				COPY_PHASE_STRIP = NO;
				DEBUG_INFORMATION_FORMAT = dwarf;
				ENABLE_STRICT_OBJC_MSGSEND = YES;
				ENABLE_TESTABILITY = YES;
				GCC_C_LANGUAGE_STANDARD = gnu11;
				GCC_DYNAMIC_NO_PIC = NO;
				GCC_NO_COMMON_BLOCKS = YES;
				GCC_OPTIMIZATION_LEVEL = 0;
				GCC_PREPROCESSOR_DEFINITIONS = (
					"DEBUG=1",
					"$(inherited)",
				);
				GCC_WARN_64_TO_32_BIT_CONVERSION = YES;
				GCC_WARN_ABOUT_RETURN_TYPE = YES_ERROR;
				GCC_WARN_UNDECLARED_SELECTOR = YES;
				GCC_WARN_UNINITIALIZED_AUTOS = YES_AGGRESSIVE;
				GCC_WARN_UNUSED_FUNCTION = YES;
				GCC_WARN_UNUSED_VARIABLE = YES;
				IPHONEOS_DEPLOYMENT_TARGET = 12.1;
				MTL_ENABLE_DEBUG_INFO = INCLUDE_SOURCE;
				MTL_FAST_MATH = YES;
				ONLY_ACTIVE_ARCH = YES;
				SDKROOT = iphoneos;
				SWIFT_ACTIVE_COMPILATION_CONDITIONS = DEBUG;
				SWIFT_OPTIMIZATION_LEVEL = "-Onone";
			};
			name = Debug;
		};
		68C421A12208BB8C00BC61E1 /* Release */ = {
			isa = XCBuildConfiguration;
			buildSettings = {
				ALWAYS_SEARCH_USER_PATHS = NO;
				CLANG_ANALYZER_NONNULL = YES;
				CLANG_ANALYZER_NUMBER_OBJECT_CONVERSION = YES_AGGRESSIVE;
				CLANG_CXX_LANGUAGE_STANDARD = "gnu++14";
				CLANG_CXX_LIBRARY = "libc++";
				CLANG_ENABLE_MODULES = YES;
				CLANG_ENABLE_OBJC_ARC = YES;
				CLANG_ENABLE_OBJC_WEAK = YES;
				CLANG_WARN_BLOCK_CAPTURE_AUTORELEASING = YES;
				CLANG_WARN_BOOL_CONVERSION = YES;
				CLANG_WARN_COMMA = YES;
				CLANG_WARN_CONSTANT_CONVERSION = YES;
				CLANG_WARN_DEPRECATED_OBJC_IMPLEMENTATIONS = YES;
				CLANG_WARN_DIRECT_OBJC_ISA_USAGE = YES_ERROR;
				CLANG_WARN_DOCUMENTATION_COMMENTS = YES;
				CLANG_WARN_EMPTY_BODY = YES;
				CLANG_WARN_ENUM_CONVERSION = YES;
				CLANG_WARN_INFINITE_RECURSION = YES;
				CLANG_WARN_INT_CONVERSION = YES;
				CLANG_WARN_NON_LITERAL_NULL_CONVERSION = YES;
				CLANG_WARN_OBJC_IMPLICIT_RETAIN_SELF = YES;
				CLANG_WARN_OBJC_LITERAL_CONVERSION = YES;
				CLANG_WARN_OBJC_ROOT_CLASS = YES_ERROR;
				CLANG_WARN_RANGE_LOOP_ANALYSIS = YES;
				CLANG_WARN_STRICT_PROTOTYPES = YES;
				CLANG_WARN_SUSPICIOUS_MOVE = YES;
				CLANG_WARN_UNGUARDED_AVAILABILITY = YES_AGGRESSIVE;
				CLANG_WARN_UNREACHABLE_CODE = YES;
				CLANG_WARN__DUPLICATE_METHOD_MATCH = YES;
				CODE_SIGN_IDENTITY = "iPhone Developer";
				COPY_PHASE_STRIP = NO;
				DEBUG_INFORMATION_FORMAT = "dwarf-with-dsym";
				ENABLE_NS_ASSERTIONS = NO;
				ENABLE_STRICT_OBJC_MSGSEND = YES;
				GCC_C_LANGUAGE_STANDARD = gnu11;
				GCC_NO_COMMON_BLOCKS = YES;
				GCC_WARN_64_TO_32_BIT_CONVERSION = YES;
				GCC_WARN_ABOUT_RETURN_TYPE = YES_ERROR;
				GCC_WARN_UNDECLARED_SELECTOR = YES;
				GCC_WARN_UNINITIALIZED_AUTOS = YES_AGGRESSIVE;
				GCC_WARN_UNUSED_FUNCTION = YES;
				GCC_WARN_UNUSED_VARIABLE = YES;
				IPHONEOS_DEPLOYMENT_TARGET = 12.1;
				MTL_ENABLE_DEBUG_INFO = NO;
				MTL_FAST_MATH = YES;
				SDKROOT = iphoneos;
				SWIFT_COMPILATION_MODE = wholemodule;
				SWIFT_OPTIMIZATION_LEVEL = "-O";
				VALIDATE_PRODUCT = YES;
			};
			name = Release;
		};
		68C421A32208BB8C00BC61E1 /* Debug */ = {
			isa = XCBuildConfiguration;
			buildSettings = {
				ASSETCATALOG_COMPILER_APPICON_NAME = AppIcon;
				CODE_SIGN_STYLE = Automatic;
				DEVELOPMENT_TEAM = 5XK949J87Z;
				INFOPLIST_FILE = Brigid/Info.plist;
				LD_RUNPATH_SEARCH_PATHS = (
					"$(inherited)",
					"@executable_path/Frameworks",
				);
				PRODUCT_BUNDLE_IDENTIFIER = com.sfwalsh.Brigid;
				PRODUCT_NAME = "$(TARGET_NAME)";
				SWIFT_VERSION = 4.2;
				TARGETED_DEVICE_FAMILY = "1,2";
			};
			name = Debug;
		};
		68C421A42208BB8C00BC61E1 /* Release */ = {
			isa = XCBuildConfiguration;
			buildSettings = {
				ASSETCATALOG_COMPILER_APPICON_NAME = AppIcon;
				CODE_SIGN_STYLE = Automatic;
				DEVELOPMENT_TEAM = 5XK949J87Z;
				INFOPLIST_FILE = Brigid/Info.plist;
				LD_RUNPATH_SEARCH_PATHS = (
					"$(inherited)",
					"@executable_path/Frameworks",
				);
				PRODUCT_BUNDLE_IDENTIFIER = com.sfwalsh.Brigid;
				PRODUCT_NAME = "$(TARGET_NAME)";
				SWIFT_VERSION = 4.2;
				TARGETED_DEVICE_FAMILY = "1,2";
			};
			name = Release;
		};
/* End XCBuildConfiguration section */

/* Begin XCConfigurationList section */
		68C4218B2208BB8B00BC61E1 /* Build configuration list for PBXProject "Brigid" */ = {
			isa = XCConfigurationList;
			buildConfigurations = (
				68C421A02208BB8C00BC61E1 /* Debug */,
				68C421A12208BB8C00BC61E1 /* Release */,
			);
			defaultConfigurationIsVisible = 0;
			defaultConfigurationName = Release;
		};
		68C421A22208BB8C00BC61E1 /* Build configuration list for PBXNativeTarget "Brigid" */ = {
			isa = XCConfigurationList;
			buildConfigurations = (
				68C421A32208BB8C00BC61E1 /* Debug */,
				68C421A42208BB8C00BC61E1 /* Release */,
			);
			defaultConfigurationIsVisible = 0;
			defaultConfigurationName = Release;
		};
/* End XCConfigurationList section */
	};
	rootObject = 68C421882208BB8B00BC61E1 /* Project object */;
}
